
Microsoft Visual Studio Solution File, Format Version 11.00
# Visual Studio 2010
# SharpDevelop 4.4
Project("{F184B08F-C81C-45F6-A57F-5ABD9991F28F}") = "w7cpframe", "w7cpframe.vbproj", "{8BFF0781-B141-443B-857D-C03FFBA10EFA}"
EndProject
Global
	GlobalSection(SolutionConfigurationPlatforms) = preSolution
		Debug|Any CPU = Debug|Any CPU
		Release|Any CPU = Release|Any CPU
	EndGlobalSection
	GlobalSection(ProjectConfigurationPlatforms) = postSolution
		{8BFF0781-B141-443B-857D-C03FFBA10EFA}.Debug|Any CPU.Build.0 = Debug|Any CPU
		{8BFF0781-B141-443B-857D-C03FFBA10EFA}.Debug|Any CPU.ActiveCfg = Debug|Any CPU
		{8BFF0781-B141-443B-857D-C03FFBA10EFA}.Release|Any CPU.Build.0 = Release|Any CPU
		{8BFF0781-B141-443B-857D-C03FFBA10EFA}.Release|Any CPU.ActiveCfg = Release|Any CPU
	EndGlobalSection
EndGlobal
